dependencies:
  espressif/mpu6050:
    component_hash: 7ecc0e0fb49eb7a9269e2b0d30ba73479b321157e2ca435a9d29f2ceb6be9654
    source:
      service_url: https://api.components.espressif.com/
      type: service
    version: 1.0.2
  idf:
    component_hash: null
    source:
      type: idf
    version: 4.4.1
manifest_hash: ddae39a1831246d179248f7d6e6db51a9336023d02b34683b91d2cb76c3fc5a1
target: esp32
version: 1.0.0
